
Microsoft Visual Studio Solution File, Format Version 12.00
# Visual Studio Version 17
VisualStudioVersion = 17.7.34031.279
MinimumVisualStudioVersion = 10.0.40219.1
Project("{9A19103F-16F7-4668-BE54-9A1E7A4F7556}") = "Lab4", "Lab4\Lab4.csproj", "{23E393C4-BA09-4FC7-AF53-1A7E0DDDC916}"
EndProject
Project("{FAE04EC0-301F-11D3-BF4B-00C04F79EFBC}") = "Lab4.1", "Lab4.1\Lab4.1.csproj", "{92F3CB1D-9D4C-4D18-8E47-2B8B4D6FB640}"
EndProject
Global
	GlobalSection(SolutionConfigurationPlatforms) = preSolution
		Debug|Any CPU = Debug|Any CPU
		Release|Any CPU = Release|Any CPU
	EndGlobalSection
	GlobalSection(ProjectConfigurationPlatforms) = postSolution
		{23E393C4-BA09-4FC7-AF53-1A7E0DDDC916}.Debug|Any CPU.ActiveCfg = Debug|Any CPU
		{23E393C4-BA09-4FC7-AF53-1A7E0DDDC916}.Debug|Any CPU.Build.0 = Debug|Any CPU
		{23E393C4-BA09-4FC7-AF53-1A7E0DDDC916}.Release|Any CPU.ActiveCfg = Release|Any CPU
		{23E393C4-BA09-4FC7-AF53-1A7E0DDDC916}.Release|Any CPU.Build.0 = Release|Any CPU
		{92F3CB1D-9D4C-4D18-8E47-2B8B4D6FB640}.Debug|Any CPU.ActiveCfg = Debug|Any CPU
		{92F3CB1D-9D4C-4D18-8E47-2B8B4D6FB640}.Debug|Any CPU.Build.0 = Debug|Any CPU
		{92F3CB1D-9D4C-4D18-8E47-2B8B4D6FB640}.Release|Any CPU.ActiveCfg = Release|Any CPU
		{92F3CB1D-9D4C-4D18-8E47-2B8B4D6FB640}.Release|Any CPU.Build.0 = Release|Any CPU
	EndGlobalSection
	GlobalSection(SolutionProperties) = preSolution
		HideSolutionNode = FALSE
	EndGlobalSection
	GlobalSection(ExtensibilityGlobals) = postSolution
		SolutionGuid = {9DA38A0A-16E1-4323-8A32-0D459706683F}
	EndGlobalSection
EndGlobal
